
Microsoft Visual Studio Solution File, Format Version 12.00
# Visual Studio Version 17
VisualStudioVersion = 17.11.35327.3
MinimumVisualStudioVersion = 10.0.40219.1
Project("{FAE04EC0-301F-11D3-BF4B-00C04F79EFBC}") = "ScottishGlen - Asset Management", "ScottishGlen - Asset Management\ScottishGlen - Asset Management.csproj", "{1B63B89A-ADB8-4F2E-B6B6-C513A3CFC28E}"
EndProject
Global
	GlobalSection(SolutionConfigurationPlatforms) = preSolution
		Debug|Any CPU = Debug|Any CPU
		Release|Any CPU = Release|Any CPU
	EndGlobalSection
	GlobalSection(ProjectConfigurationPlatforms) = postSolution
		{1B63B89A-ADB8-4F2E-B6B6-C513A3CFC28E}.Debug|Any CPU.ActiveCfg = Debug|Any CPU
		{1B63B89A-ADB8-4F2E-B6B6-C513A3CFC28E}.Debug|Any CPU.Build.0 = Debug|Any CPU
		{1B63B89A-ADB8-4F2E-B6B6-C513A3CFC28E}.Release|Any CPU.ActiveCfg = Release|Any CPU
		{1B63B89A-ADB8-4F2E-B6B6-C513A3CFC28E}.Release|Any CPU.Build.0 = Release|Any CPU
	EndGlobalSection
	GlobalSection(SolutionProperties) = preSolution
		HideSolutionNode = FALSE
	EndGlobalSection
	GlobalSection(ExtensibilityGlobals) = postSolution
		SolutionGuid = {433D9460-96BB-49D4-BE27-2D265A7E2F6D}
	EndGlobalSection
EndGlobal
